// !$*UTF8*$!
{
	archiveVersion = 1;
	classes = {
	};
	objectVersion = 50;
	objects = {

/* Begin PBXBuildFile section */
		3230B4A72390DE7A001DAA38 /* AppDelegate.swift in Sources */ = {isa = PBXBuildFile; fileRef = 3230B4A62390DE7A001DAA38 /* AppDelegate.swift */; };
		3230B4A92390DE7A001DAA38 /* SceneDelegate.swift in Sources */ = {isa = PBXBuildFile; fileRef = 3230B4A82390DE7A001DAA38 /* SceneDelegate.swift */; };
		3230B4AB2390DE7A001DAA38 /* ViewController.swift in Sources */ = {isa = PBXBuildFile; fileRef = 3230B4AA2390DE7A001DAA38 /* ViewController.swift */; };
		3230B4AE2390DE7A001DAA38 /* Main.storyboard in Resources */ = {isa = PBXBuildFile; fileRef = 3230B4AC2390DE7A001DAA38 /* Main.storyboard */; };
		3230B4B02390DE7B001DAA38 /* Assets.xcassets in Resources */ = {isa = PBXBuildFile; fileRef = 3230B4AF2390DE7B001DAA38 /* Assets.xcassets */; };
		3230B4B32390DE7B001DAA38 /* LaunchScreen.storyboard in Resources */ = {isa = PBXBuildFile; fileRef = 3230B4B12390DE7B001DAA38 /* LaunchScreen.storyboard */; };
		3230B4C32390DFA2001DAA38 /* Video.swift in Sources */ = {isa = PBXBuildFile; fileRef = 3230B4C22390DFA2001DAA38 /* Video.swift */; };
		3230B4EB2390F5AC001DAA38 /* VideoTableViewCell.swift in Sources */ = {isa = PBXBuildFile; fileRef = 3230B4EA2390F5AC001DAA38 /* VideoTableViewCell.swift */; };
		3230B4ED2390FD6A001DAA38 /* VideoPlayerView.swift in Sources */ = {isa = PBXBuildFile; fileRef = 3230B4EC2390FD6A001DAA38 /* VideoPlayerView.swift */; };
		3230B4EF2390FD84001DAA38 /* VideoPreView.swift in Sources */ = {isa = PBXBuildFile; fileRef = 3230B4EE2390FD84001DAA38 /* VideoPreView.swift */; };
		326B8C972398C1AB0052557B /* video-player-2.png in Resources */ = {isa = PBXBuildFile; fileRef = 326B8C962398C1AB0052557B /* video-player-2.png */; };
		326BB09923976EC600039775 /* icons8-preview-pane-64.png in Resources */ = {isa = PBXBuildFile; fileRef = 326BB09823976EC600039775 /* icons8-preview-pane-64.png */; };
		326BB09B2397725F00039775 /* video-editing.png in Resources */ = {isa = PBXBuildFile; fileRef = 326BB09A2397725F00039775 /* video-editing.png */; };
		D30F1EDA23A4D894000B7725 /* search.png in Resources */ = {isa = PBXBuildFile; fileRef = D30F1ED923A4D894000B7725 /* search.png */; };
/* End PBXBuildFile section */

/* Begin PBXFileReference section */
		3230B4A32390DE7A001DAA38 /* VideoList.app */ = {isa = PBXFileReference; explicitFileType = wrapper.application; includeInIndex = 0; path = VideoList.app; sourceTree = BUILT_PRODUCTS_DIR; };
		3230B4A62390DE7A001DAA38 /* AppDelegate.swift */ = {isa = PBXFileReference; lastKnownFileType = sourcecode.swift; path = AppDelegate.swift; sourceTree = "<group>"; };
		3230B4A82390DE7A001DAA38 /* SceneDelegate.swift */ = {isa = PBXFileReference; lastKnownFileType = sourcecode.swift; path = SceneDelegate.swift; sourceTree = "<group>"; };
		3230B4AA2390DE7A001DAA38 /* ViewController.swift */ = {isa = PBXFileReference; lastKnownFileType = sourcecode.swift; path = ViewController.swift; sourceTree = "<group>"; };
		3230B4AD2390DE7A001DAA38 /* Base */ = {isa = PBXFileReference; lastKnownFileType = file.storyboard; name = Base; path = Base.lproj/Main.storyboard; sourceTree = "<group>"; };
		3230B4AF2390DE7B001DAA38 /* Assets.xcassets */ = {isa = PBXFileReference; lastKnownFileType = folder.assetcatalog; path = Assets.xcassets; sourceTree = "<group>"; };
		3230B4B22390DE7B001DAA38 /* Base */ = {isa = PBXFileReference; lastKnownFileType = file.storyboard; name = Base; path = Base.lproj/LaunchScreen.storyboard; sourceTree = "<group>"; };
		3230B4B42390DE7B001DAA38 /* Info.plist */ = {isa = PBXFileReference; lastKnownFileType = text.plist.xml; path = Info.plist; sourceTree = "<group>"; };
		3230B4C22390DFA2001DAA38 /* Video.swift */ = {isa = PBXFileReference; lastKnownFileType = sourcecode.swift; path = Video.swift; sourceTree = "<group>"; };
		3230B4EA2390F5AC001DAA38 /* VideoTableViewCell.swift */ = {isa = PBXFileReference; lastKnownFileType = sourcecode.swift; path = VideoTableViewCell.swift; sourceTree = "<group>"; };
		3230B4EC2390FD6A001DAA38 /* VideoPlayerView.swift */ = {isa = PBXFileReference; lastKnownFileType = sourcecode.swift; path = VideoPlayerView.swift; sourceTree = "<group>"; };
		3230B4EE2390FD84001DAA38 /* VideoPreView.swift */ = {isa = PBXFileReference; lastKnownFileType = sourcecode.swift; path = VideoPreView.swift; sourceTree = "<group>"; };
		326B8C962398C1AB0052557B /* video-player-2.png */ = {isa = PBXFileReference; lastKnownFileType = image.png; path = "video-player-2.png"; sourceTree = "<group>"; };
		326BB09823976EC600039775 /* icons8-preview-pane-64.png */ = {isa = PBXFileReference; lastKnownFileType = image.png; path = "icons8-preview-pane-64.png"; sourceTree = "<group>"; };
		326BB09A2397725F00039775 /* video-editing.png */ = {isa = PBXFileReference; lastKnownFileType = image.png; path = "video-editing.png"; sourceTree = "<group>"; };
		D30F1ED923A4D894000B7725 /* search.png */ = {isa = PBXFileReference; lastKnownFileType = image.png; path = search.png; sourceTree = "<group>"; };
/* End PBXFileReference section */

/* Begin PBXFrameworksBuildPhase section */
		3230B4A02390DE7A001DAA38 /* Frameworks */ = {
			isa = PBXFrameworksBuildPhase;
			buildActionMask = 2147483647;
			files = (
			);
			runOnlyForDeploymentPostprocessing = 0;
		};
/* End PBXFrameworksBuildPhase section */

/* Begin PBXGroup section */
		3230B49A2390DE7A001DAA38 = {
			isa = PBXGroup;
			children = (
				3230B4A52390DE7A001DAA38 /* VideoList */,
				3230B4A42390DE7A001DAA38 /* Products */,
			);
			sourceTree = "<group>";
		};
		3230B4A42390DE7A001DAA38 /* Products */ = {
			isa = PBXGroup;
			children = (
				3230B4A32390DE7A001DAA38 /* VideoList.app */,
			);
			name = Products;
			sourceTree = "<group>";
		};
		3230B4A52390DE7A001DAA38 /* VideoList */ = {
			isa = PBXGroup;
			children = (
				3230B4A62390DE7A001DAA38 /* AppDelegate.swift */,
				3230B4A82390DE7A001DAA38 /* SceneDelegate.swift */,
				3230B4AA2390DE7A001DAA38 /* ViewController.swift */,
				3230B4B42390DE7B001DAA38 /* Info.plist */,
				3230B4BF2390DF09001DAA38 /* StroyBorads */,
				3230B4C12390DF7C001DAA38 /* Models */,
				3230B4C42390DFB8001DAA38 /* Resources */,
				3230B4BC2390DED5001DAA38 /* Views */,
			);
			path = VideoList;
			sourceTree = "<group>";
		};
		3230B4BC2390DED5001DAA38 /* Views */ = {
			isa = PBXGroup;
			children = (
				3230B4EA2390F5AC001DAA38 /* VideoTableViewCell.swift */,
				3230B4EC2390FD6A001DAA38 /* VideoPlayerView.swift */,
				3230B4EE2390FD84001DAA38 /* VideoPreView.swift */,
			);
			path = Views;
			sourceTree = "<group>";
		};
		3230B4BF2390DF09001DAA38 /* StroyBorads */ = {
			isa = PBXGroup;
			children = (
				3230B4B12390DE7B001DAA38 /* LaunchScreen.storyboard */,
				3230B4AC2390DE7A001DAA38 /* Main.storyboard */,
			);
			path = StroyBorads;
			sourceTree = "<group>";
		};
		3230B4C12390DF7C001DAA38 /* Models */ = {
			isa = PBXGroup;
			children = (
				3230B4C22390DFA2001DAA38 /* Video.swift */,
			);
			path = Models;
			sourceTree = "<group>";
		};
		3230B4C42390DFB8001DAA38 /* Resources */ = {
			isa = PBXGroup;
			children = (
				3230B4AF2390DE7B001DAA38 /* Assets.xcassets */,
				326B8C962398C1AB0052557B /* video-player-2.png */,
				326BB09A2397725F00039775 /* video-editing.png */,
				326BB09823976EC600039775 /* icons8-preview-pane-64.png */,
				D30F1ED923A4D894000B7725 /* search.png */,
			);
			path = Resources;
			sourceTree = "<group>";
		};
/* End PBXGroup section */

/* Begin PBXNativeTarget section */
		3230B4A22390DE7A001DAA38 /* VideoList */ = {
			isa = PBXNativeTarget;
			buildConfigurationList = 3230B4B72390DE7B001DAA38 /* Build configuration list for PBXNativeTarget "VideoList" */;
			buildPhases = (
				3230B49F2390DE7A001DAA38 /* Sources */,
				3230B4A02390DE7A001DAA38 /* Frameworks */,
				3230B4A12390DE7A001DAA38 /* Resources */,
			);
			buildRules = (
			);
			dependencies = (
			);
			name = VideoList;
			productName = VideoList;
			productReference = 3230B4A32390DE7A001DAA38 /* VideoList.app */;
			productType = "com.apple.product-type.application";
		};
/* End PBXNativeTarget section */

/* Begin PBXProject section */
		3230B49B2390DE7A001DAA38 /* Project object */ = {
			isa = PBXProject;
			attributes = {
				LastSwiftUpdateCheck = 1120;
				LastUpgradeCheck = 1120;
				ORGANIZATIONNAME = "이상범";
				TargetAttributes = {
					3230B4A22390DE7A001DAA38 = {
						CreatedOnToolsVersion = 11.2.1;
					};
				};
			};
			buildConfigurationList = 3230B49E2390DE7A001DAA38 /* Build configuration list for PBXProject "VideoList" */;
			compatibilityVersion = "Xcode 9.3";
			developmentRegion = en;
			hasScannedForEncodings = 0;
			knownRegions = (
				en,
				Base,
			);
			mainGroup = 3230B49A2390DE7A001DAA38;
			productRefGroup = 3230B4A42390DE7A001DAA38 /* Products */;
			projectDirPath = "";
			projectRoot = "";
			targets = (
				3230B4A22390DE7A001DAA38 /* VideoList */,
			);
		};
/* End PBXProject section */

/* Begin PBXResourcesBuildPhase section */
		3230B4A12390DE7A001DAA38 /* Resources */ = {
			isa = PBXResourcesBuildPhase;
			buildActionMask = 2147483647;
			files = (
				326BB09B2397725F00039775 /* video-editing.png in Resources */,
				326BB09923976EC600039775 /* icons8-preview-pane-64.png in Resources */,
				3230B4B32390DE7B001DAA38 /* LaunchScreen.storyboard in Resources */,
				D30F1EDA23A4D894000B7725 /* search.png in Resources */,
				326B8C972398C1AB0052557B /* video-player-2.png in Resources */,
				3230B4B02390DE7B001DAA38 /* Assets.xcassets in Resources */,
				3230B4AE2390DE7A001DAA38 /* Main.storyboard in Resources */,
			);
			runOnlyForDeploymentPostprocessing = 0;
		};
/* End PBXResourcesBuildPhase section */

/* Begin PBXSourcesBuildPhase section */
		3230B49F2390DE7A001DAA38 /* Sources */ = {
			isa = PBXSourcesBuildPhase;
			buildActionMask = 2147483647;
			files = (
				3230B4AB2390DE7A001DAA38 /* ViewController.swift in Sources */,
				3230B4C32390DFA2001DAA38 /* Video.swift in Sources */,
				3230B4EF2390FD84001DAA38 /* VideoPreView.swift in Sources */,
				3230B4A72390DE7A001DAA38 /* AppDelegate.swift in Sources */,
				3230B4A92390DE7A001DAA38 /* SceneDelegate.swift in Sources */,
				3230B4EB2390F5AC001DAA38 /* VideoTableViewCell.swift in Sources */,
				3230B4ED2390FD6A001DAA38 /* VideoPlayerView.swift in Sources */,
			);
			runOnlyForDeploymentPostprocessing = 0;
		};
/* End PBXSourcesBuildPhase section */

/* Begin PBXVariantGroup section */
		3230B4AC2390DE7A001DAA38 /* Main.storyboard */ = {
			isa = PBXVariantGroup;
			children = (
				3230B4AD2390DE7A001DAA38 /* Base */,
			);
			name = Main.storyboard;
			sourceTree = "<group>";
		};
		3230B4B12390DE7B001DAA38 /* LaunchScreen.storyboard */ = {
			isa = PBXVariantGroup;
			children = (
				3230B4B22390DE7B001DAA38 /* Base */,
			);
			name = LaunchScreen.storyboard;
			sourceTree = "<group>";
		};
/* End PBXVariantGroup section */

/* Begin XCBuildConfiguration section */
		3230B4B52390DE7B001DAA38 /* Debug */ = {
			isa = XCBuildConfiguration;
			buildSettings = {
				ALWAYS_SEARCH_USER_PATHS = NO;
				CLANG_ANALYZER_NONNULL = YES;
				CLANG_ANALYZER_NUMBER_OBJECT_CONVERSION = YES_AGGRESSIVE;
				CLANG_CXX_LANGUAGE_STANDARD = "gnu++14";
				CLANG_CXX_LIBRARY = "libc++";
				CLANG_ENABLE_MODULES = YES;
				CLANG_ENABLE_OBJC_ARC = YES;
				CLANG_ENABLE_OBJC_WEAK = YES;
				CLANG_WARN_BLOCK_CAPTURE_AUTORELEASING = YES;
				CLANG_WARN_BOOL_CONVERSION = YES;
				CLANG_WARN_COMMA = YES;
				CLANG_WARN_CONSTANT_CONVERSION = YES;
				CLANG_WARN_DEPRECATED_OBJC_IMPLEMENTATIONS = YES;
				CLANG_WARN_DIRECT_OBJC_ISA_USAGE = YES_ERROR;
				CLANG_WARN_DOCUMENTATION_COMMENTS = YES;
				CLANG_WARN_EMPTY_BODY = YES;
				CLANG_WARN_ENUM_CONVERSION = YES;
				CLANG_WARN_INFINITE_RECURSION = YES;
				CLANG_WARN_INT_CONVERSION = YES;
				CLANG_WARN_NON_LITERAL_NULL_CONVERSION = YES;
				CLANG_WARN_OBJC_IMPLICIT_RETAIN_SELF = YES;
				CLANG_WARN_OBJC_LITERAL_CONVERSION = YES;
				CLANG_WARN_OBJC_ROOT_CLASS = YES_ERROR;
				CLANG_WARN_RANGE_LOOP_ANALYSIS = YES;
				CLANG_WARN_STRICT_PROTOTYPES = YES;
				CLANG_WARN_SUSPICIOUS_MOVE = YES;
				CLANG_WARN_UNGUARDED_AVAILABILITY = YES_AGGRESSIVE;
				CLANG_WARN_UNREACHABLE_CODE = YES;
				CLANG_WARN__DUPLICATE_METHOD_MATCH = YES;
				COPY_PHASE_STRIP = NO;
				DEBUG_INFORMATION_FORMAT = dwarf;
				ENABLE_STRICT_OBJC_MSGSEND = YES;
				ENABLE_TESTABILITY = YES;
				GCC_C_LANGUAGE_STANDARD = gnu11;
				GCC_DYNAMIC_NO_PIC = NO;
				GCC_NO_COMMON_BLOCKS = YES;
				GCC_OPTIMIZATION_LEVEL = 0;
				GCC_PREPROCESSOR_DEFINITIONS = (
					"DEBUG=1",
					"$(inherited)",
				);
				GCC_WARN_64_TO_32_BIT_CONVERSION = YES;
				GCC_WARN_ABOUT_RETURN_TYPE = YES_ERROR;
				GCC_WARN_UNDECLARED_SELECTOR = YES;
				GCC_WARN_UNINITIALIZED_AUTOS = YES_AGGRESSIVE;
				GCC_WARN_UNUSED_FUNCTION = YES;
				GCC_WARN_UNUSED_VARIABLE = YES;
				IPHONEOS_DEPLOYMENT_TARGET = 13.0;
				MTL_ENABLE_DEBUG_INFO = INCLUDE_SOURCE;
				MTL_FAST_MATH = YES;
				ONLY_ACTIVE_ARCH = YES;
				SDKROOT = iphoneos;
				SWIFT_ACTIVE_COMPILATION_CONDITIONS = DEBUG;
				SWIFT_OPTIMIZATION_LEVEL = "-Onone";
			};
			name = Debug;
		};
		3230B4B62390DE7B001DAA38 /* Release */ = {
			isa = XCBuildConfiguration;
			buildSettings = {
				ALWAYS_SEARCH_USER_PATHS = NO;
				CLANG_ANALYZER_NONNULL = YES;
				CLANG_ANALYZER_NUMBER_OBJECT_CONVERSION = YES_AGGRESSIVE;
				CLANG_CXX_LANGUAGE_STANDARD = "gnu++14";
				CLANG_CXX_LIBRARY = "libc++";
				CLANG_ENABLE_MODULES = YES;
				CLANG_ENABLE_OBJC_ARC = YES;
				CLANG_ENABLE_OBJC_WEAK = YES;
				CLANG_WARN_BLOCK_CAPTURE_AUTORELEASING = YES;
				CLANG_WARN_BOOL_CONVERSION = YES;
				CLANG_WARN_COMMA = YES;
				CLANG_WARN_CONSTANT_CONVERSION = YES;
				CLANG_WARN_DEPRECATED_OBJC_IMPLEMENTATIONS = YES;
				CLANG_WARN_DIRECT_OBJC_ISA_USAGE = YES_ERROR;
				CLANG_WARN_DOCUMENTATION_COMMENTS = YES;
				CLANG_WARN_EMPTY_BODY = YES;
				CLANG_WARN_ENUM_CONVERSION = YES;
				CLANG_WARN_INFINITE_RECURSION = YES;
				CLANG_WARN_INT_CONVERSION = YES;
				CLANG_WARN_NON_LITERAL_NULL_CONVERSION = YES;
				CLANG_WARN_OBJC_IMPLICIT_RETAIN_SELF = YES;
				CLANG_WARN_OBJC_LITERAL_CONVERSION = YES;
				CLANG_WARN_OBJC_ROOT_CLASS = YES_ERROR;
				CLANG_WARN_RANGE_LOOP_ANALYSIS = YES;
				CLANG_WARN_STRICT_PROTOTYPES = YES;
				CLANG_WARN_SUSPICIOUS_MOVE = YES;
				CLANG_WARN_UNGUARDED_AVAILABILITY = YES_AGGRESSIVE;
				CLANG_WARN_UNREACHABLE_CODE = YES;
				CLANG_WARN__DUPLICATE_METHOD_MATCH = YES;
				COPY_PHASE_STRIP = NO;
				DEBUG_INFORMATION_FORMAT = "dwarf-with-dsym";
				ENABLE_NS_ASSERTIONS = NO;
				ENABLE_STRICT_OBJC_MSGSEND = YES;
				GCC_C_LANGUAGE_STANDARD = gnu11;
				GCC_NO_COMMON_BLOCKS = YES;
				GCC_WARN_64_TO_32_BIT_CONVERSION = YES;
				GCC_WARN_ABOUT_RETURN_TYPE = YES_ERROR;
				GCC_WARN_UNDECLARED_SELECTOR = YES;
				GCC_WARN_UNINITIALIZED_AUTOS = YES_AGGRESSIVE;
				GCC_WARN_UNUSED_FUNCTION = YES;
				GCC_WARN_UNUSED_VARIABLE = YES;
				IPHONEOS_DEPLOYMENT_TARGET = 13.0;
				MTL_ENABLE_DEBUG_INFO = NO;
				MTL_FAST_MATH = YES;
				SDKROOT = iphoneos;
				SWIFT_COMPILATION_MODE = wholemodule;
				SWIFT_OPTIMIZATION_LEVEL = "-O";
				VALIDATE_PRODUCT = YES;
			};
			name = Release;
		};
		3230B4B82390DE7B001DAA38 /* Debug */ = {
			isa = XCBuildConfiguration;
			buildSettings = {
				ASSETCATALOG_COMPILER_APPICON_NAME = AppIcon;
				CODE_SIGN_STYLE = Automatic;
				INFOPLIST_FILE = VideoList/Info.plist;
				LD_RUNPATH_SEARCH_PATHS = (
					"$(inherited)",
					"@executable_path/Frameworks",
				);
				PRODUCT_BUNDLE_IDENTIFIER = com.sb.VideoList;
				PRODUCT_NAME = "$(TARGET_NAME)";
				SWIFT_VERSION = 5.0;
				TARGETED_DEVICE_FAMILY = "1,2";
			};
			name = Debug;
		};
		3230B4B92390DE7B001DAA38 /* Release */ = {
			isa = XCBuildConfiguration;
			buildSettings = {
				ASSETCATALOG_COMPILER_APPICON_NAME = AppIcon;
				CODE_SIGN_STYLE = Automatic;
				INFOPLIST_FILE = VideoList/Info.plist;
				LD_RUNPATH_SEARCH_PATHS = (
					"$(inherited)",
					"@executable_path/Frameworks",
				);
				PRODUCT_BUNDLE_IDENTIFIER = com.sb.VideoList;
				PRODUCT_NAME = "$(TARGET_NAME)";
				SWIFT_VERSION = 5.0;
				TARGETED_DEVICE_FAMILY = "1,2";
			};
			name = Release;
		};
/* End XCBuildConfiguration section */

/* Begin XCConfigurationList section */
		3230B49E2390DE7A001DAA38 /* Build configuration list for PBXProject "VideoList" */ = {
			isa = XCConfigurationList;
			buildConfigurations = (
				3230B4B52390DE7B001DAA38 /* Debug */,
				3230B4B62390DE7B001DAA38 /* Release */,
			);
			defaultConfigurationIsVisible = 0;
			defaultConfigurationName = Release;
		};
		3230B4B72390DE7B001DAA38 /* Build configuration list for PBXNativeTarget "VideoList" */ = {
			isa = XCConfigurationList;
			buildConfigurations = (
				3230B4B82390DE7B001DAA38 /* Debug */,
				3230B4B92390DE7B001DAA38 /* Release */,
			);
			defaultConfigurationIsVisible = 0;
			defaultConfigurationName = Release;
		};
/* End XCConfigurationList section */
	};
	rootObject = 3230B49B2390DE7A001DAA38 /* Project object */;
}
